// !$*UTF8*$!
{
	archiveVersion = 1;
	classes = {
	};
	objectVersion = 46;
	objects = {

/* Begin PBXBuildFile section */
		BAD74A021AFC096C008AB241 /* Spotify.framework in Frameworks */ = {isa = PBXBuildFile; fileRef = BAD74A011AFC096C008AB241 /* Spotify.framework */; };
		BAD74A041AFC2C92008AB241 /* AVFoundation.framework in Frameworks */ = {isa = PBXBuildFile; fileRef = BAD74A031AFC2C92008AB241 /* AVFoundation.framework */; };
		BAD74A071AFC7AB6008AB241 /* LoginController.m in Sources */ = {isa = PBXBuildFile; fileRef = BAD74A061AFC7AB6008AB241 /* LoginController.m */; };
		BAD74A0A1AFC7C2A008AB241 /* CoreData.framework in Frameworks */ = {isa = PBXBuildFile; fileRef = BAD74A091AFC7C2A008AB241 /* CoreData.framework */; };
		BAD74A0C1AFC7C7E008AB241 /* libsqlite3.dylib in Frameworks */ = {isa = PBXBuildFile; fileRef = BAD74A0B1AFC7C7E008AB241 /* libsqlite3.dylib */; };
		BAD74A0E1AFC7C94008AB241 /* Security.framework in Frameworks */ = {isa = PBXBuildFile; fileRef = BAD74A0D1AFC7C94008AB241 /* Security.framework */; };
		BAD74A101AFC7CB5008AB241 /* Foundation.framework in Frameworks */ = {isa = PBXBuildFile; fileRef = BAD74A0F1AFC7CB5008AB241 /* Foundation.framework */; };
		BAD74A121AFC7CC3008AB241 /* CoreGraphics.framework in Frameworks */ = {isa = PBXBuildFile; fileRef = BAD74A111AFC7CC3008AB241 /* CoreGraphics.framework */; };
		BAD74A141AFC7CD5008AB241 /* UIKit.framework in Frameworks */ = {isa = PBXBuildFile; fileRef = BAD74A131AFC7CD5008AB241 /* UIKit.framework */; };
		BAD74A251AFC9DDC008AB241 /* Back.png in Resources */ = {isa = PBXBuildFile; fileRef = BAD74A181AFC9DDC008AB241 /* Back.png */; };
		BAD74A261AFC9DDC008AB241 /* Forward.png in Resources */ = {isa = PBXBuildFile; fileRef = BAD74A191AFC9DDC008AB241 /* Forward.png */; };
		BAD74A271AFC9DDC008AB241 /* Pause.png in Resources */ = {isa = PBXBuildFile; fileRef = BAD74A1A1AFC9DDC008AB241 /* Pause.png */; };
		BAD74A281AFC9DDC008AB241 /* Play.png in Resources */ = {isa = PBXBuildFile; fileRef = BAD74A1B1AFC9DDC008AB241 /* Play.png */; };
		BAD74A291AFC9DDC008AB241 /* Beer.jpg in Resources */ = {isa = PBXBuildFile; fileRef = BAD74A1D1AFC9DDC008AB241 /* Beer.jpg */; };
		BAD74A2A1AFC9DDC008AB241 /* Fam.jpg in Resources */ = {isa = PBXBuildFile; fileRef = BAD74A1E1AFC9DDC008AB241 /* Fam.jpg */; };
		BAD74A2B1AFC9DDC008AB241 /* FieldHockey.jpg in Resources */ = {isa = PBXBuildFile; fileRef = BAD74A1F1AFC9DDC008AB241 /* FieldHockey.jpg */; };
		BAD74A2C1AFC9DDC008AB241 /* Lobster.jpg in Resources */ = {isa = PBXBuildFile; fileRef = BAD74A201AFC9DDC008AB241 /* Lobster.jpg */; };
		BAD74A2D1AFC9DDC008AB241 /* Masks.jpg in Resources */ = {isa = PBXBuildFile; fileRef = BAD74A211AFC9DDC008AB241 /* Masks.jpg */; };
		BAD74A2E1AFC9DDC008AB241 /* Nam.jpg in Resources */ = {isa = PBXBuildFile; fileRef = BAD74A221AFC9DDC008AB241 /* Nam.jpg */; };
		BAD74A2F1AFC9DDC008AB241 /* Tiger.jpg in Resources */ = {isa = PBXBuildFile; fileRef = BAD74A231AFC9DDC008AB241 /* Tiger.jpg */; };
		BAD74A301AFC9DDC008AB241 /* Viking.jpg in Resources */ = {isa = PBXBuildFile; fileRef = BAD74A241AFC9DDC008AB241 /* Viking.jpg */; };
		BADCB6FC1AEEAAF200F92A21 /* main.m in Sources */ = {isa = PBXBuildFile; fileRef = BADCB6FB1AEEAAF200F92A21 /* main.m */; };
		BADCB6FF1AEEAAF200F92A21 /* AppDelegate.m in Sources */ = {isa = PBXBuildFile; fileRef = BADCB6FE1AEEAAF200F92A21 /* AppDelegate.m */; };
		BADCB7021AEEAAF200F92A21 /* ViewController.m in Sources */ = {isa = PBXBuildFile; fileRef = BADCB7011AEEAAF200F92A21 /* ViewController.m */; };
		BADCB7051AEEAAF200F92A21 /* Main.storyboard in Resources */ = {isa = PBXBuildFile; fileRef = BADCB7031AEEAAF200F92A21 /* Main.storyboard */; };
		BADCB7071AEEAAF200F92A21 /* Images.xcassets in Resources */ = {isa = PBXBuildFile; fileRef = BADCB7061AEEAAF200F92A21 /* Images.xcassets */; };
		BADCB70A1AEEAAF200F92A21 /* LaunchScreen.xib in Resources */ = {isa = PBXBuildFile; fileRef = BADCB7081AEEAAF200F92A21 /* LaunchScreen.xib */; };
		BADCB7161AEEAAF200F92A21 /* TrialTests.m in Sources */ = {isa = PBXBuildFile; fileRef = BADCB7151AEEAAF200F92A21 /* TrialTests.m */; };
/* End PBXBuildFile section */

/* Begin PBXContainerItemProxy section */
		BADCB7101AEEAAF200F92A21 /* PBXContainerItemProxy */ = {
			isa = PBXContainerItemProxy;
			containerPortal = BADCB6EE1AEEAAF200F92A21 /* Project object */;
			proxyType = 1;
			remoteGlobalIDString = BADCB6F51AEEAAF200F92A21;
			remoteInfo = Trial;
		};
/* End PBXContainerItemProxy section */

/* Begin PBXFileReference section */
		BAD74A011AFC096C008AB241 /* Spotify.framework */ = {isa = PBXFileReference; lastKnownFileType = wrapper.framework; path = Spotify.framework; sourceTree = "<group>"; };
		BAD74A031AFC2C92008AB241 /* AVFoundation.framework */ = {isa = PBXFileReference; lastKnownFileType = wrapper.framework; name = AVFoundation.framework; path = System/Library/Frameworks/AVFoundation.framework; sourceTree = SDKROOT; };
		BAD74A051AFC6D82008AB241 /* Config.h */ = {isa = PBXFileReference; fileEncoding = 4; lastKnownFileType = sourcecode.c.h; path = Config.h; sourceTree = "<group>"; };
		BAD74A061AFC7AB6008AB241 /* LoginController.m */ = {isa = PBXFileReference; fileEncoding = 4; lastKnownFileType = sourcecode.c.objc; path = LoginController.m; sourceTree = "<group>"; };
		BAD74A081AFC7B7F008AB241 /* LoginController.h */ = {isa = PBXFileReference; fileEncoding = 4; lastKnownFileType = sourcecode.c.h; path = LoginController.h; sourceTree = "<group>"; };
		BAD74A091AFC7C2A008AB241 /* CoreData.framework */ = {isa = PBXFileReference; lastKnownFileType = wrapper.framework; name = CoreData.framework; path = System/Library/Frameworks/CoreData.framework; sourceTree = SDKROOT; };
		BAD74A0B1AFC7C7E008AB241 /* libsqlite3.dylib */ = {isa = PBXFileReference; lastKnownFileType = "compiled.mach-o.dylib"; name = libsqlite3.dylib; path = usr/lib/libsqlite3.dylib; sourceTree = SDKROOT; };
		BAD74A0D1AFC7C94008AB241 /* Security.framework */ = {isa = PBXFileReference; lastKnownFileType = wrapper.framework; name = Security.framework; path = System/Library/Frameworks/Security.framework; sourceTree = SDKROOT; };
		BAD74A0F1AFC7CB5008AB241 /* Foundation.framework */ = {isa = PBXFileReference; lastKnownFileType = wrapper.framework; name = Foundation.framework; path = System/Library/Frameworks/Foundation.framework; sourceTree = SDKROOT; };
		BAD74A111AFC7CC3008AB241 /* CoreGraphics.framework */ = {isa = PBXFileReference; lastKnownFileType = wrapper.framework; name = CoreGraphics.framework; path = System/Library/Frameworks/CoreGraphics.framework; sourceTree = SDKROOT; };
		BAD74A131AFC7CD5008AB241 /* UIKit.framework */ = {isa = PBXFileReference; lastKnownFileType = wrapper.framework; name = UIKit.framework; path = System/Library/Frameworks/UIKit.framework; sourceTree = SDKROOT; };
		BAD74A151AFC8209008AB241 /* Trial-Prefix.pch */ = {isa = PBXFileReference; fileEncoding = 4; lastKnownFileType = sourcecode.c.h; path = "Trial-Prefix.pch"; sourceTree = "<group>"; };
		BAD74A181AFC9DDC008AB241 /* Back.png */ = {isa = PBXFileReference; lastKnownFileType = image.png; path = Back.png; sourceTree = "<group>"; };
		BAD74A191AFC9DDC008AB241 /* Forward.png */ = {isa = PBXFileReference; lastKnownFileType = image.png; path = Forward.png; sourceTree = "<group>"; };
		BAD74A1A1AFC9DDC008AB241 /* Pause.png */ = {isa = PBXFileReference; lastKnownFileType = image.png; path = Pause.png; sourceTree = "<group>"; };
		BAD74A1B1AFC9DDC008AB241 /* Play.png */ = {isa = PBXFileReference; lastKnownFileType = image.png; path = Play.png; sourceTree = "<group>"; };
		BAD74A1D1AFC9DDC008AB241 /* Beer.jpg */ = {isa = PBXFileReference; lastKnownFileType = image.jpeg; path = Beer.jpg; sourceTree = "<group>"; };
		BAD74A1E1AFC9DDC008AB241 /* Fam.jpg */ = {isa = PBXFileReference; lastKnownFileType = image.jpeg; path = Fam.jpg; sourceTree = "<group>"; };
		BAD74A1F1AFC9DDC008AB241 /* FieldHockey.jpg */ = {isa = PBXFileReference; lastKnownFileType = image.jpeg; path = FieldHockey.jpg; sourceTree = "<group>"; };
		BAD74A201AFC9DDC008AB241 /* Lobster.jpg */ = {isa = PBXFileReference; lastKnownFileType = image.jpeg; path = Lobster.jpg; sourceTree = "<group>"; };
		BAD74A211AFC9DDC008AB241 /* Masks.jpg */ = {isa = PBXFileReference; lastKnownFileType = image.jpeg; path = Masks.jpg; sourceTree = "<group>"; };
		BAD74A221AFC9DDC008AB241 /* Nam.jpg */ = {isa = PBXFileReference; lastKnownFileType = image.jpeg; path = Nam.jpg; sourceTree = "<group>"; };
		BAD74A231AFC9DDC008AB241 /* Tiger.jpg */ = {isa = PBXFileReference; lastKnownFileType = image.jpeg; path = Tiger.jpg; sourceTree = "<group>"; };
		BAD74A241AFC9DDC008AB241 /* Viking.jpg */ = {isa = PBXFileReference; lastKnownFileType = image.jpeg; path = Viking.jpg; sourceTree = "<group>"; };
		BADCB6F61AEEAAF200F92A21 /* Trial.app */ = {isa = PBXFileReference; explicitFileType = wrapper.application; includeInIndex = 0; path = Trial.app; sourceTree = BUILT_PRODUCTS_DIR; };
		BADCB6FA1AEEAAF200F92A21 /* Info.plist */ = {isa = PBXFileReference; lastKnownFileType = text.plist.xml; path = Info.plist; sourceTree = "<group>"; };
		BADCB6FB1AEEAAF200F92A21 /* main.m */ = {isa = PBXFileReference; lastKnownFileType = sourcecode.c.objc; path = main.m; sourceTree = "<group>"; };
		BADCB6FD1AEEAAF200F92A21 /* AppDelegate.h */ = {isa = PBXFileReference; lastKnownFileType = sourcecode.c.h; path = AppDelegate.h; sourceTree = "<group>"; };
		BADCB6FE1AEEAAF200F92A21 /* AppDelegate.m */ = {isa = PBXFileReference; lastKnownFileType = sourcecode.c.objc; path = AppDelegate.m; sourceTree = "<group>"; };
		BADCB7001AEEAAF200F92A21 /* ViewController.h */ = {isa = PBXFileReference; lastKnownFileType = sourcecode.c.h; path = ViewController.h; sourceTree = "<group>"; };
		BADCB7011AEEAAF200F92A21 /* ViewController.m */ = {isa = PBXFileReference; lastKnownFileType = sourcecode.c.objc; path = ViewController.m; sourceTree = "<group>"; };
		BADCB7041AEEAAF200F92A21 /* Base */ = {isa = PBXFileReference; lastKnownFileType = file.storyboard; name = Base; path = Base.lproj/Main.storyboard; sourceTree = "<group>"; };
		BADCB7061AEEAAF200F92A21 /* Images.xcassets */ = {isa = PBXFileReference; lastKnownFileType = folder.assetcatalog; path = Images.xcassets; sourceTree = "<group>"; };
		BADCB7091AEEAAF200F92A21 /* Base */ = {isa = PBXFileReference; lastKnownFileType = file.xib; name = Base; path = Base.lproj/LaunchScreen.xib; sourceTree = "<group>"; };
		BADCB70F1AEEAAF200F92A21 /* TrialTests.xctest */ = {isa = PBXFileReference; explicitFileType = wrapper.cfbundle; includeInIndex = 0; path = TrialTests.xctest; sourceTree = BUILT_PRODUCTS_DIR; };
		BADCB7141AEEAAF200F92A21 /* Info.plist */ = {isa = PBXFileReference; lastKnownFileType = text.plist.xml; path = Info.plist; sourceTree = "<group>"; };
		BADCB7151AEEAAF200F92A21 /* TrialTests.m */ = {isa = PBXFileReference; lastKnownFileType = sourcecode.c.objc; path = TrialTests.m; sourceTree = "<group>"; };
/* End PBXFileReference section */

/* Begin PBXFrameworksBuildPhase section */
		BADCB6F31AEEAAF200F92A21 /* Frameworks */ = {
			isa = PBXFrameworksBuildPhase;
			buildActionMask = 2147483647;
			files = (
				BAD74A0A1AFC7C2A008AB241 /* CoreData.framework in Frameworks */,
				BAD74A0C1AFC7C7E008AB241 /* libsqlite3.dylib in Frameworks */,
				BAD74A021AFC096C008AB241 /* Spotify.framework in Frameworks */,
				BAD74A041AFC2C92008AB241 /* AVFoundation.framework in Frameworks */,
				BAD74A0E1AFC7C94008AB241 /* Security.framework in Frameworks */,
				BAD74A101AFC7CB5008AB241 /* Foundation.framework in Frameworks */,
				BAD74A121AFC7CC3008AB241 /* CoreGraphics.framework in Frameworks */,
				BAD74A141AFC7CD5008AB241 /* UIKit.framework in Frameworks */,
			);
			runOnlyForDeploymentPostprocessing = 0;
		};
		BADCB70C1AEEAAF200F92A21 /* Frameworks */ = {
			isa = PBXFrameworksBuildPhase;
			buildActionMask = 2147483647;
			files = (
			);
			runOnlyForDeploymentPostprocessing = 0;
		};
/* End PBXFrameworksBuildPhase section */

/* Begin PBXGroup section */
		BAD74A161AFC9DDC008AB241 /* Images */ = {
			isa = PBXGroup;
			children = (
				BAD74A171AFC9DDC008AB241 /* Icons */,
				BAD74A1C1AFC9DDC008AB241 /* SlidePhotos */,
			);
			path = Images;
			sourceTree = "<group>";
		};
		BAD74A171AFC9DDC008AB241 /* Icons */ = {
			isa = PBXGroup;
			children = (
				BAD74A181AFC9DDC008AB241 /* Back.png */,
				BAD74A191AFC9DDC008AB241 /* Forward.png */,
				BAD74A1A1AFC9DDC008AB241 /* Pause.png */,
				BAD74A1B1AFC9DDC008AB241 /* Play.png */,
			);
			path = Icons;
			sourceTree = "<group>";
		};
		BAD74A1C1AFC9DDC008AB241 /* SlidePhotos */ = {
			isa = PBXGroup;
			children = (
				BAD74A1D1AFC9DDC008AB241 /* Beer.jpg */,
				BAD74A1E1AFC9DDC008AB241 /* Fam.jpg */,
				BAD74A1F1AFC9DDC008AB241 /* FieldHockey.jpg */,
				BAD74A201AFC9DDC008AB241 /* Lobster.jpg */,
				BAD74A211AFC9DDC008AB241 /* Masks.jpg */,
				BAD74A221AFC9DDC008AB241 /* Nam.jpg */,
				BAD74A231AFC9DDC008AB241 /* Tiger.jpg */,
				BAD74A241AFC9DDC008AB241 /* Viking.jpg */,
			);
			path = SlidePhotos;
			sourceTree = "<group>";
		};
		BADCB6ED1AEEAAF200F92A21 = {
			isa = PBXGroup;
			children = (
				BADCB6F81AEEAAF200F92A21 /* Trial */,
				BADCB71F1AEEB3C300F92A21 /* Frameworks */,
				BADCB6F71AEEAAF200F92A21 /* Products */,
				BADCB7121AEEAAF200F92A21 /* TrialTests */,
			);
			sourceTree = "<group>";
		};
		BADCB6F71AEEAAF200F92A21 /* Products */ = {
			isa = PBXGroup;
			children = (
				BADCB6F61AEEAAF200F92A21 /* Trial.app */,
				BADCB70F1AEEAAF200F92A21 /* TrialTests.xctest */,
			);
			name = Products;
			sourceTree = "<group>";
		};
		BADCB6F81AEEAAF200F92A21 /* Trial */ = {
			isa = PBXGroup;
			children = (
				BAD74A051AFC6D82008AB241 /* Config.h */,
				BADCB6FD1AEEAAF200F92A21 /* AppDelegate.h */,
				BADCB6FE1AEEAAF200F92A21 /* AppDelegate.m */,
				BADCB7031AEEAAF200F92A21 /* Main.storyboard */,
				BADCB7001AEEAAF200F92A21 /* ViewController.h */,
				BADCB7011AEEAAF200F92A21 /* ViewController.m */,
				BAD74A081AFC7B7F008AB241 /* LoginController.h */,
				BAD74A061AFC7AB6008AB241 /* LoginController.m */,
				BADCB7061AEEAAF200F92A21 /* Images.xcassets */,
				BADCB7081AEEAAF200F92A21 /* LaunchScreen.xib */,
				BADCB6F91AEEAAF200F92A21 /* Supporting Files */,
			);
			path = Trial;
			sourceTree = "<group>";
		};
		BADCB6F91AEEAAF200F92A21 /* Supporting Files */ = {
			isa = PBXGroup;
			children = (
				BAD74A161AFC9DDC008AB241 /* Images */,
				BADCB6FA1AEEAAF200F92A21 /* Info.plist */,
				BADCB6FB1AEEAAF200F92A21 /* main.m */,
				BAD74A151AFC8209008AB241 /* Trial-Prefix.pch */,
			);
			name = "Supporting Files";
			sourceTree = "<group>";
		};
		BADCB7121AEEAAF200F92A21 /* TrialTests */ = {
			isa = PBXGroup;
			children = (
				BADCB7151AEEAAF200F92A21 /* TrialTests.m */,
				BADCB7131AEEAAF200F92A21 /* Supporting Files */,
			);
			path = TrialTests;
			sourceTree = "<group>";
		};
		BADCB7131AEEAAF200F92A21 /* Supporting Files */ = {
			isa = PBXGroup;
			children = (
				BADCB7141AEEAAF200F92A21 /* Info.plist */,
			);
			name = "Supporting Files";
			sourceTree = "<group>";
		};
		BADCB71F1AEEB3C300F92A21 /* Frameworks */ = {
			isa = PBXGroup;
			children = (
				BAD74A131AFC7CD5008AB241 /* UIKit.framework */,
				BAD74A111AFC7CC3008AB241 /* CoreGraphics.framework */,
				BAD74A0F1AFC7CB5008AB241 /* Foundation.framework */,
				BAD74A0D1AFC7C94008AB241 /* Security.framework */,
				BAD74A0B1AFC7C7E008AB241 /* libsqlite3.dylib */,
				BAD74A091AFC7C2A008AB241 /* CoreData.framework */,
				BAD74A031AFC2C92008AB241 /* AVFoundation.framework */,
				BAD74A011AFC096C008AB241 /* Spotify.framework */,
			);
			name = Frameworks;
			sourceTree = "<group>";
		};
/* End PBXGroup section */

/* Begin PBXNativeTarget section */
		BADCB6F51AEEAAF200F92A21 /* Trial */ = {
			isa = PBXNativeTarget;
			buildConfigurationList = BADCB7191AEEAAF200F92A21 /* Build configuration list for PBXNativeTarget "Trial" */;
			buildPhases = (
				BADCB6F21AEEAAF200F92A21 /* Sources */,
				BADCB6F31AEEAAF200F92A21 /* Frameworks */,
				BADCB6F41AEEAAF200F92A21 /* Resources */,
			);
			buildRules = (
			);
			dependencies = (
			);
			name = Trial;
			productName = Trial;
			productReference = BADCB6F61AEEAAF200F92A21 /* Trial.app */;
			productType = "com.apple.product-type.application";
		};
		BADCB70E1AEEAAF200F92A21 /* TrialTests */ = {
			isa = PBXNativeTarget;
			buildConfigurationList = BADCB71C1AEEAAF200F92A21 /* Build configuration list for PBXNativeTarget "TrialTests" */;
			buildPhases = (
				BADCB70B1AEEAAF200F92A21 /* Sources */,
				BADCB70C1AEEAAF200F92A21 /* Frameworks */,
				BADCB70D1AEEAAF200F92A21 /* Resources */,
			);
			buildRules = (
			);
			dependencies = (
				BADCB7111AEEAAF200F92A21 /* PBXTargetDependency */,
			);
			name = TrialTests;
			productName = TrialTests;
			productReference = BADCB70F1AEEAAF200F92A21 /* TrialTests.xctest */;
			productType = "com.apple.product-type.bundle.unit-test";
		};
/* End PBXNativeTarget section */

/* Begin PBXProject section */
		BADCB6EE1AEEAAF200F92A21 /* Project object */ = {
			isa = PBXProject;
			attributes = {
				LastUpgradeCheck = 0620;
				ORGANIZATIONNAME = "Henry Kean";
				TargetAttributes = {
					BADCB6F51AEEAAF200F92A21 = {
						CreatedOnToolsVersion = 6.2;
						DevelopmentTeam = A68GT7TTUN;
					};
					BADCB70E1AEEAAF200F92A21 = {
						CreatedOnToolsVersion = 6.2;
						TestTargetID = BADCB6F51AEEAAF200F92A21;
					};
				};
			};
			buildConfigurationList = BADCB6F11AEEAAF200F92A21 /* Build configuration list for PBXProject "Trial" */;
			compatibilityVersion = "Xcode 3.2";
			developmentRegion = English;
			hasScannedForEncodings = 0;
			knownRegions = (
				en,
				Base,
			);
			mainGroup = BADCB6ED1AEEAAF200F92A21;
			productRefGroup = BADCB6F71AEEAAF200F92A21 /* Products */;
			projectDirPath = "";
			projectRoot = "";
			targets = (
				BADCB6F51AEEAAF200F92A21 /* Trial */,
				BADCB70E1AEEAAF200F92A21 /* TrialTests */,
			);
		};
/* End PBXProject section */

/* Begin PBXResourcesBuildPhase section */
		BADCB6F41AEEAAF200F92A21 /* Resources */ = {
			isa = PBXResourcesBuildPhase;
			buildActionMask = 2147483647;
			files = (
				BAD74A271AFC9DDC008AB241 /* Pause.png in Resources */,
				BAD74A251AFC9DDC008AB241 /* Back.png in Resources */,
				BADCB7051AEEAAF200F92A21 /* Main.storyboard in Resources */,
				BAD74A2C1AFC9DDC008AB241 /* Lobster.jpg in Resources */,
				BAD74A2A1AFC9DDC008AB241 /* Fam.jpg in Resources */,
				BADCB70A1AEEAAF200F92A21 /* LaunchScreen.xib in Resources */,
				BAD74A281AFC9DDC008AB241 /* Play.png in Resources */,
				BAD74A2D1AFC9DDC008AB241 /* Masks.jpg in Resources */,
				BAD74A291AFC9DDC008AB241 /* Beer.jpg in Resources */,
				BADCB7071AEEAAF200F92A21 /* Images.xcassets in Resources */,
				BAD74A261AFC9DDC008AB241 /* Forward.png in Resources */,
				BAD74A301AFC9DDC008AB241 /* Viking.jpg in Resources */,
				BAD74A2E1AFC9DDC008AB241 /* Nam.jpg in Resources */,
				BAD74A2B1AFC9DDC008AB241 /* FieldHockey.jpg in Resources */,
				BAD74A2F1AFC9DDC008AB241 /* Tiger.jpg in Resources */,
			);
			runOnlyForDeploymentPostprocessing = 0;
		};
		BADCB70D1AEEAAF200F92A21 /* Resources */ = {
			isa = PBXResourcesBuildPhase;
			buildActionMask = 2147483647;
			files = (
			);
			runOnlyForDeploymentPostprocessing = 0;
		};
/* End PBXResourcesBuildPhase section */

/* Begin PBXSourcesBuildPhase section */
		BADCB6F21AEEAAF200F92A21 /* Sources */ = {
			isa = PBXSourcesBuildPhase;
			buildActionMask = 2147483647;
			files = (
				BADCB7021AEEAAF200F92A21 /* ViewController.m in Sources */,
				BAD74A071AFC7AB6008AB241 /* LoginController.m in Sources */,
				BADCB6FF1AEEAAF200F92A21 /* AppDelegate.m in Sources */,
				BADCB6FC1AEEAAF200F92A21 /* main.m in Sources */,
			);
			runOnlyForDeploymentPostprocessing = 0;
		};
		BADCB70B1AEEAAF200F92A21 /* Sources */ = {
			isa = PBXSourcesBuildPhase;
			buildActionMask = 2147483647;
			files = (
				BADCB7161AEEAAF200F92A21 /* TrialTests.m in Sources */,
			);
			runOnlyForDeploymentPostprocessing = 0;
		};
/* End PBXSourcesBuildPhase section */

/* Begin PBXTargetDependency section */
		BADCB7111AEEAAF200F92A21 /* PBXTargetDependency */ = {
			isa = PBXTargetDependency;
			target = BADCB6F51AEEAAF200F92A21 /* Trial */;
			targetProxy = BADCB7101AEEAAF200F92A21 /* PBXContainerItemProxy */;
		};
/* End PBXTargetDependency section */

/* Begin PBXVariantGroup section */
		BADCB7031AEEAAF200F92A21 /* Main.storyboard */ = {
			isa = PBXVariantGroup;
			children = (
				BADCB7041AEEAAF200F92A21 /* Base */,
			);
			name = Main.storyboard;
			sourceTree = "<group>";
		};
		BADCB7081AEEAAF200F92A21 /* LaunchScreen.xib */ = {
			isa = PBXVariantGroup;
			children = (
				BADCB7091AEEAAF200F92A21 /* Base */,
			);
			name = LaunchScreen.xib;
			sourceTree = "<group>";
		};
/* End PBXVariantGroup section */

/* Begin XCBuildConfiguration section */
		BADCB7171AEEAAF200F92A21 /* Debug */ = {
			isa = XCBuildConfiguration;
			buildSettings = {
				ALWAYS_SEARCH_USER_PATHS = NO;
				CLANG_CXX_LANGUAGE_STANDARD = "gnu++0x";
				CLANG_CXX_LIBRARY = "libc++";
				CLANG_ENABLE_MODULES = YES;
				CLANG_ENABLE_OBJC_ARC = YES;
				CLANG_WARN_BOOL_CONVERSION = YES;
				CLANG_WARN_CONSTANT_CONVERSION = YES;
				CLANG_WARN_DIRECT_OBJC_ISA_USAGE = YES_ERROR;
				CLANG_WARN_EMPTY_BODY = YES;
				CLANG_WARN_ENUM_CONVERSION = YES;
				CLANG_WARN_INT_CONVERSION = YES;
				CLANG_WARN_OBJC_ROOT_CLASS = YES_ERROR;
				CLANG_WARN_UNREACHABLE_CODE = YES;
				CLANG_WARN__DUPLICATE_METHOD_MATCH = YES;
				"CODE_SIGN_IDENTITY[sdk=iphoneos*]" = "iPhone Developer";
				COPY_PHASE_STRIP = NO;
				ENABLE_STRICT_OBJC_MSGSEND = YES;
				GCC_C_LANGUAGE_STANDARD = gnu99;
				GCC_DYNAMIC_NO_PIC = NO;
				GCC_OPTIMIZATION_LEVEL = 0;
				GCC_PREPROCESSOR_DEFINITIONS = (
					"DEBUG=1",
					"$(inherited)",
				);
				GCC_SYMBOLS_PRIVATE_EXTERN = NO;
				GCC_WARN_64_TO_32_BIT_CONVERSION = YES;
				GCC_WARN_ABOUT_RETURN_TYPE = YES_ERROR;
				GCC_WARN_UNDECLARED_SELECTOR = YES;
				GCC_WARN_UNINITIALIZED_AUTOS = YES_AGGRESSIVE;
				GCC_WARN_UNUSED_FUNCTION = YES;
				GCC_WARN_UNUSED_VARIABLE = YES;
				IPHONEOS_DEPLOYMENT_TARGET = 8.2;
				MTL_ENABLE_DEBUG_INFO = YES;
				ONLY_ACTIVE_ARCH = YES;
				SDKROOT = iphoneos;
				TARGETED_DEVICE_FAMILY = 2;
			};
			name = Debug;
		};
		BADCB7181AEEAAF200F92A21 /* Release */ = {
			isa = XCBuildConfiguration;
			buildSettings = {
				ALWAYS_SEARCH_USER_PATHS = NO;
				CLANG_CXX_LANGUAGE_STANDARD = "gnu++0x";
				CLANG_CXX_LIBRARY = "libc++";
				CLANG_ENABLE_MODULES = YES;
				CLANG_ENABLE_OBJC_ARC = YES;
				CLANG_WARN_BOOL_CONVERSION = YES;
				CLANG_WARN_CONSTANT_CONVERSION = YES;
				CLANG_WARN_DIRECT_OBJC_ISA_USAGE = YES_ERROR;
				CLANG_WARN_EMPTY_BODY = YES;
				CLANG_WARN_ENUM_CONVERSION = YES;
				CLANG_WARN_INT_CONVERSION = YES;
				CLANG_WARN_OBJC_ROOT_CLASS = YES_ERROR;
				CLANG_WARN_UNREACHABLE_CODE = YES;
				CLANG_WARN__DUPLICATE_METHOD_MATCH = YES;
				"CODE_SIGN_IDENTITY[sdk=iphoneos*]" = "iPhone Developer";
				COPY_PHASE_STRIP = NO;
				ENABLE_NS_ASSERTIONS = NO;
				ENABLE_STRICT_OBJC_MSGSEND = YES;
				GCC_C_LANGUAGE_STANDARD = gnu99;
				GCC_WARN_64_TO_32_BIT_CONVERSION = YES;
				GCC_WARN_ABOUT_RETURN_TYPE = YES_ERROR;
				GCC_WARN_UNDECLARED_SELECTOR = YES;
				GCC_WARN_UNINITIALIZED_AUTOS = YES_AGGRESSIVE;
				GCC_WARN_UNUSED_FUNCTION = YES;
				GCC_WARN_UNUSED_VARIABLE = YES;
				IPHONEOS_DEPLOYMENT_TARGET = 8.2;
				MTL_ENABLE_DEBUG_INFO = NO;
				SDKROOT = iphoneos;
				TARGETED_DEVICE_FAMILY = 2;
				VALIDATE_PRODUCT = YES;
			};
			name = Release;
		};
		BADCB71A1AEEAAF200F92A21 /* Debug */ = {
			isa = XCBuildConfiguration;
			buildSettings = {
				ASSETCATALOG_COMPILER_APPICON_NAME = AppIcon;
				CODE_SIGN_IDENTITY = "iPhone Developer";
				FRAMEWORK_SEARCH_PATHS = (
					"$(inherited)",
					"$(PROJECT_DIR)",
				);
				INFOPLIST_FILE = Trial/Info.plist;
				IPHONEOS_DEPLOYMENT_TARGET = 8.0;
				LD_RUNPATH_SEARCH_PATHS = "$(inherited) @executable_path/Frameworks";
				OTHER_LDFLAGS = "-ObjC";
				PRODUCT_NAME = "$(TARGET_NAME)";
			};
			name = Debug;
		};
		BADCB71B1AEEAAF200F92A21 /* Release */ = {
			isa = XCBuildConfiguration;
			buildSettings = {
				ASSETCATALOG_COMPILER_APPICON_NAME = AppIcon;
				CODE_SIGN_IDENTITY = "iPhone Developer";
				FRAMEWORK_SEARCH_PATHS = (
					"$(inherited)",
					"$(PROJECT_DIR)",
				);
				INFOPLIST_FILE = Trial/Info.plist;
				IPHONEOS_DEPLOYMENT_TARGET = 8.0;
				LD_RUNPATH_SEARCH_PATHS = "$(inherited) @executable_path/Frameworks";
				OTHER_LDFLAGS = "-ObjC";
				PRODUCT_NAME = "$(TARGET_NAME)";
			};
			name = Release;
		};
		BADCB71D1AEEAAF200F92A21 /* Debug */ = {
			isa = XCBuildConfiguration;
			buildSettings = {
				BUNDLE_LOADER = "$(TEST_HOST)";
				FRAMEWORK_SEARCH_PATHS = (
					"$(SDKROOT)/Developer/Library/Frameworks",
					"$(inherited)",
				);
				GCC_PREPROCESSOR_DEFINITIONS = (
					"DEBUG=1",
					"$(inherited)",
				);
				INFOPLIST_FILE = TrialTests/Info.plist;
				LD_RUNPATH_SEARCH_PATHS = "$(inherited) @executable_path/Frameworks @loader_path/Frameworks";
				PRODUCT_NAME = "$(TARGET_NAME)";
				TEST_HOST = "$(BUILT_PRODUCTS_DIR)/Trial.app/Trial";
			};
			name = Debug;
		};
		BADCB71E1AEEAAF200F92A21 /* Release */ = {
			isa = XCBuildConfiguration;
			buildSettings = {
				BUNDLE_LOADER = "$(TEST_HOST)";
				FRAMEWORK_SEARCH_PATHS = (
					"$(SDKROOT)/Developer/Library/Frameworks",
					"$(inherited)",
				);
				INFOPLIST_FILE = TrialTests/Info.plist;
				LD_RUNPATH_SEARCH_PATHS = "$(inherited) @executable_path/Frameworks @loader_path/Frameworks";
				PRODUCT_NAME = "$(TARGET_NAME)";
				TEST_HOST = "$(BUILT_PRODUCTS_DIR)/Trial.app/Trial";
			};
			name = Release;
		};
/* End XCBuildConfiguration section */

/* Begin XCConfigurationList section */
		BADCB6F11AEEAAF200F92A21 /* Build configuration list for PBXProject "Trial" */ = {
			isa = XCConfigurationList;
			buildConfigurations = (
				BADCB7171AEEAAF200F92A21 /* Debug */,
				BADCB7181AEEAAF200F92A21 /* Release */,
			);
			defaultConfigurationIsVisible = 0;
			defaultConfigurationName = Release;
		};
		BADCB7191AEEAAF200F92A21 /* Build configuration list for PBXNativeTarget "Trial" */ = {
			isa = XCConfigurationList;
			buildConfigurations = (
				BADCB71A1AEEAAF200F92A21 /* Debug */,
				BADCB71B1AEEAAF200F92A21 /* Release */,
			);
			defaultConfigurationIsVisible = 0;
			defaultConfigurationName = Release;
		};
		BADCB71C1AEEAAF200F92A21 /* Build configuration list for PBXNativeTarget "TrialTests" */ = {
			isa = XCConfigurationList;
			buildConfigurations = (
				BADCB71D1AEEAAF200F92A21 /* Debug */,
				BADCB71E1AEEAAF200F92A21 /* Release */,
			);
			defaultConfigurationIsVisible = 0;
			defaultConfigurationName = Release;
		};
/* End XCConfigurationList section */
	};
	rootObject = BADCB6EE1AEEAAF200F92A21 /* Project object */;
}
